
Microsoft Visual Studio Solution File, Format Version 12.00
# Visual Studio Version 16
VisualStudioVersion = 16.0.30621.155
MinimumVisualStudioVersion = 10.0.40219.1
Project("{FAE04EC0-301F-11D3-BF4B-00C04F79EFBC}") = "Exercício 8", "Exercício 8\Exercício 8.csproj", "{A4E0E4CB-77F4-4B41-AEA1-ED2AB36144A4}"
EndProject
Global
	GlobalSection(SolutionConfigurationPlatforms) = preSolution
		Debug|Any CPU = Debug|Any CPU
		Release|Any CPU = Release|Any CPU
	EndGlobalSection
	GlobalSection(ProjectConfigurationPlatforms) = postSolution
		{A4E0E4CB-77F4-4B41-AEA1-ED2AB36144A4}.Debug|Any CPU.ActiveCfg = Debug|Any CPU
		{A4E0E4CB-77F4-4B41-AEA1-ED2AB36144A4}.Debug|Any CPU.Build.0 = Debug|Any CPU
		{A4E0E4CB-77F4-4B41-AEA1-ED2AB36144A4}.Release|Any CPU.ActiveCfg = Release|Any CPU
		{A4E0E4CB-77F4-4B41-AEA1-ED2AB36144A4}.Release|Any CPU.Build.0 = Release|Any CPU
	EndGlobalSection
	GlobalSection(SolutionProperties) = preSolution
		HideSolutionNode = FALSE
	EndGlobalSection
	GlobalSection(ExtensibilityGlobals) = postSolution
		SolutionGuid = {141F1F89-08D3-4B76-9EDE-1B50B6177CE6}
	EndGlobalSection
EndGlobal
